
Microsoft Visual Studio Solution File, Format Version 12.00
# Visual Studio Version 16
VisualStudioVersion = 16.0.31410.357
MinimumVisualStudioVersion = 10.0.40219.1
Project("{FAE04EC0-301F-11D3-BF4B-00C04F79EFBC}") = "AnotherOne", "AnotherOne\AnotherOne\AnotherOne.csproj", "{7A651093-5413-46FB-B4CD-29CA937638B1}"
EndProject
Project("{FAE04EC0-301F-11D3-BF4B-00C04F79EFBC}") = "AnotherOne.Android", "AnotherOne\AnotherOne.Android\AnotherOne.Android.csproj", "{C45E781F-8744-4BBB-AFDC-0E70024037D1}"
EndProject
Global
	GlobalSection(SolutionConfigurationPlatforms) = preSolution
		Debug|Any CPU = Debug|Any CPU
		Release|Any CPU = Release|Any CPU
	EndGlobalSection
	GlobalSection(ProjectConfigurationPlatforms) = postSolution
		{7A651093-5413-46FB-B4CD-29CA937638B1}.Debug|Any CPU.ActiveCfg = Debug|Any CPU
		{7A651093-5413-46FB-B4CD-29CA937638B1}.Debug|Any CPU.Build.0 = Debug|Any CPU
		{7A651093-5413-46FB-B4CD-29CA937638B1}.Release|Any CPU.ActiveCfg = Release|Any CPU
		{7A651093-5413-46FB-B4CD-29CA937638B1}.Release|Any CPU.Build.0 = Release|Any CPU
		{C45E781F-8744-4BBB-AFDC-0E70024037D1}.Debug|Any CPU.ActiveCfg = Debug|Any CPU
		{C45E781F-8744-4BBB-AFDC-0E70024037D1}.Debug|Any CPU.Build.0 = Debug|Any CPU
		{C45E781F-8744-4BBB-AFDC-0E70024037D1}.Debug|Any CPU.Deploy.0 = Debug|Any CPU
		{C45E781F-8744-4BBB-AFDC-0E70024037D1}.Release|Any CPU.ActiveCfg = Release|Any CPU
		{C45E781F-8744-4BBB-AFDC-0E70024037D1}.Release|Any CPU.Build.0 = Release|Any CPU
		{C45E781F-8744-4BBB-AFDC-0E70024037D1}.Release|Any CPU.Deploy.0 = Release|Any CPU
	EndGlobalSection
	GlobalSection(SolutionProperties) = preSolution
		HideSolutionNode = FALSE
	EndGlobalSection
	GlobalSection(ExtensibilityGlobals) = postSolution
		SolutionGuid = {B4DD02D9-7F48-4325-B681-8584674187F4}
	EndGlobalSection
EndGlobal
